
Microsoft Visual Studio Solution File, Format Version 12.00
# Visual Studio Version 17
VisualStudioVersion = 17.3.32922.545
MinimumVisualStudioVersion = 10.0.40219.1
Project("{FAE04EC0-301F-11D3-BF4B-00C04F79EFBC}") = "3 программы", "3 программы.csproj", "{5829E624-3CE7-44C6-B531-F20C4E359952}"
EndProject
Global
	GlobalSection(SolutionConfigurationPlatforms) = preSolution
		Debug|Any CPU = Debug|Any CPU
		Release|Any CPU = Release|Any CPU
	EndGlobalSection
	GlobalSection(ProjectConfigurationPlatforms) = postSolution
		{5829E624-3CE7-44C6-B531-F20C4E359952}.Debug|Any CPU.ActiveCfg = Debug|Any CPU
		{5829E624-3CE7-44C6-B531-F20C4E359952}.Debug|Any CPU.Build.0 = Debug|Any CPU
		{5829E624-3CE7-44C6-B531-F20C4E359952}.Release|Any CPU.ActiveCfg = Release|Any CPU
		{5829E624-3CE7-44C6-B531-F20C4E359952}.Release|Any CPU.Build.0 = Release|Any CPU
	EndGlobalSection
	GlobalSection(SolutionProperties) = preSolution
		HideSolutionNode = FALSE
	EndGlobalSection
	GlobalSection(ExtensibilityGlobals) = postSolution
		SolutionGuid = {1118DC43-388C-40AB-B775-C762D96C1434}
	EndGlobalSection
EndGlobal
